// !$*UTF8*$!
{
	archiveVersion = 1;
	classes = {
	};
	objectVersion = 46;
	objects = {

/* Begin PBXBuildFile section */
		871550571BBF7AE000AA58B2 /* AppDelegate.swift in Sources */ = {isa = PBXBuildFile; fileRef = 871550561BBF7AE000AA58B2 /* AppDelegate.swift */; };
		871550591BBF7AE000AA58B2 /* ViewController.swift in Sources */ = {isa = PBXBuildFile; fileRef = 871550581BBF7AE000AA58B2 /* ViewController.swift */; };
		8715505C1BBF7AE000AA58B2 /* Main.storyboard in Resources */ = {isa = PBXBuildFile; fileRef = 8715505A1BBF7AE000AA58B2 /* Main.storyboard */; };
		8715505E1BBF7AE000AA58B2 /* Assets.xcassets in Resources */ = {isa = PBXBuildFile; fileRef = 8715505D1BBF7AE000AA58B2 /* Assets.xcassets */; };
		871550611BBF7AE000AA58B2 /* LaunchScreen.storyboard in Resources */ = {isa = PBXBuildFile; fileRef = 8715505F1BBF7AE000AA58B2 /* LaunchScreen.storyboard */; };
		871550691BBF7D3F00AA58B2 /* AnimalImage.png in Resources */ = {isa = PBXBuildFile; fileRef = 871550681BBF7D3F00AA58B2 /* AnimalImage.png */; settings = {ASSET_TAGS = (); }; };
/* End PBXBuildFile section */

/* Begin PBXFileReference section */
		871550531BBF7AE000AA58B2 /* HelloMetal.app */ = {isa = PBXFileReference; explicitFileType = wrapper.application; includeInIndex = 0; path = HelloMetal.app; sourceTree = BUILT_PRODUCTS_DIR; };
		871550561BBF7AE000AA58B2 /* AppDelegate.swift */ = {isa = PBXFileReference; lastKnownFileType = sourcecode.swift; path = AppDelegate.swift; sourceTree = "<group>"; };
		871550581BBF7AE000AA58B2 /* ViewController.swift */ = {isa = PBXFileReference; lastKnownFileType = sourcecode.swift; path = ViewController.swift; sourceTree = "<group>"; };
		8715505B1BBF7AE000AA58B2 /* Base */ = {isa = PBXFileReference; lastKnownFileType = file.storyboard; name = Base; path = Base.lproj/Main.storyboard; sourceTree = "<group>"; };
		8715505D1BBF7AE000AA58B2 /* Assets.xcassets */ = {isa = PBXFileReference; lastKnownFileType = folder.assetcatalog; path = Assets.xcassets; sourceTree = "<group>"; };
		871550601BBF7AE000AA58B2 /* Base */ = {isa = PBXFileReference; lastKnownFileType = file.storyboard; name = Base; path = Base.lproj/LaunchScreen.storyboard; sourceTree = "<group>"; };
		871550621BBF7AE000AA58B2 /* Info.plist */ = {isa = PBXFileReference; lastKnownFileType = text.plist.xml; path = Info.plist; sourceTree = "<group>"; };
		871550681BBF7D3F00AA58B2 /* AnimalImage.png */ = {isa = PBXFileReference; lastKnownFileType = image.png; path = AnimalImage.png; sourceTree = "<group>"; };
/* End PBXFileReference section */

/* Begin PBXFrameworksBuildPhase section */
		871550501BBF7AE000AA58B2 /* Frameworks */ = {
			isa = PBXFrameworksBuildPhase;
			buildActionMask = 2147483647;
			files = (
			);
			runOnlyForDeploymentPostprocessing = 0;
		};
/* End PBXFrameworksBuildPhase section */

/* Begin PBXGroup section */
		8715504A1BBF7AE000AA58B2 = {
			isa = PBXGroup;
			children = (
				871550551BBF7AE000AA58B2 /* HelloMetal */,
				871550541BBF7AE000AA58B2 /* Products */,
			);
			sourceTree = "<group>";
		};
		871550541BBF7AE000AA58B2 /* Products */ = {
			isa = PBXGroup;
			children = (
				871550531BBF7AE000AA58B2 /* HelloMetal.app */,
			);
			name = Products;
			sourceTree = "<group>";
		};
		871550551BBF7AE000AA58B2 /* HelloMetal */ = {
			isa = PBXGroup;
			children = (
				871550681BBF7D3F00AA58B2 /* AnimalImage.png */,
				871550561BBF7AE000AA58B2 /* AppDelegate.swift */,
				871550581BBF7AE000AA58B2 /* ViewController.swift */,
				8715505A1BBF7AE000AA58B2 /* Main.storyboard */,
				8715505D1BBF7AE000AA58B2 /* Assets.xcassets */,
				8715505F1BBF7AE000AA58B2 /* LaunchScreen.storyboard */,
				871550621BBF7AE000AA58B2 /* Info.plist */,
			);
			path = HelloMetal;
			sourceTree = "<group>";
		};
/* End PBXGroup section */

/* Begin PBXNativeTarget section */
		871550521BBF7AE000AA58B2 /* HelloMetal */ = {
			isa = PBXNativeTarget;
			buildConfigurationList = 871550651BBF7AE000AA58B2 /* Build configuration list for PBXNativeTarget "HelloMetal" */;
			buildPhases = (
				8715504F1BBF7AE000AA58B2 /* Sources */,
				871550501BBF7AE000AA58B2 /* Frameworks */,
				871550511BBF7AE000AA58B2 /* Resources */,
			);
			buildRules = (
			);
			dependencies = (
			);
			name = HelloMetal;
			productName = HelloMetal;
			productReference = 871550531BBF7AE000AA58B2 /* HelloMetal.app */;
			productType = "com.apple.product-type.application";
		};
/* End PBXNativeTarget section */

/* Begin PBXProject section */
		8715504B1BBF7AE000AA58B2 /* Project object */ = {
			isa = PBXProject;
			attributes = {
				LastUpgradeCheck = 0700;
				ORGANIZATIONNAME = codeGlider;
				TargetAttributes = {
					871550521BBF7AE000AA58B2 = {
						CreatedOnToolsVersion = 7.0;
					};
				};
			};
			buildConfigurationList = 8715504E1BBF7AE000AA58B2 /* Build configuration list for PBXProject "HelloMetal" */;
			compatibilityVersion = "Xcode 3.2";
			developmentRegion = English;
			hasScannedForEncodings = 0;
			knownRegions = (
				en,
				Base,
			);
			mainGroup = 8715504A1BBF7AE000AA58B2;
			productRefGroup = 871550541BBF7AE000AA58B2 /* Products */;
			projectDirPath = "";
			projectRoot = "";
			targets = (
				871550521BBF7AE000AA58B2 /* HelloMetal */,
			);
		};
/* End PBXProject section */

/* Begin PBXResourcesBuildPhase section */
		871550511BBF7AE000AA58B2 /* Resources */ = {
			isa = PBXResourcesBuildPhase;
			buildActionMask = 2147483647;
			files = (
				871550611BBF7AE000AA58B2 /* LaunchScreen.storyboard in Resources */,
				8715505E1BBF7AE000AA58B2 /* Assets.xcassets in Resources */,
				8715505C1BBF7AE000AA58B2 /* Main.storyboard in Resources */,
				871550691BBF7D3F00AA58B2 /* AnimalImage.png in Resources */,
			);
			runOnlyForDeploymentPostprocessing = 0;
		};
/* End PBXResourcesBuildPhase section */

/* Begin PBXSourcesBuildPhase section */
		8715504F1BBF7AE000AA58B2 /* Sources */ = {
			isa = PBXSourcesBuildPhase;
			buildActionMask = 2147483647;
			files = (
				871550591BBF7AE000AA58B2 /* ViewController.swift in Sources */,
				871550571BBF7AE000AA58B2 /* AppDelegate.swift in Sources */,
			);
			runOnlyForDeploymentPostprocessing = 0;
		};
/* End PBXSourcesBuildPhase section */

/* Begin PBXVariantGroup section */
		8715505A1BBF7AE000AA58B2 /* Main.storyboard */ = {
			isa = PBXVariantGroup;
			children = (
				8715505B1BBF7AE000AA58B2 /* Base */,
			);
			name = Main.storyboard;
			sourceTree = "<group>";
		};
		8715505F1BBF7AE000AA58B2 /* LaunchScreen.storyboard */ = {
			isa = PBXVariantGroup;
			children = (
				871550601BBF7AE000AA58B2 /* Base */,
			);
			name = LaunchScreen.storyboard;
			sourceTree = "<group>";
		};
/* End PBXVariantGroup section */

/* Begin XCBuildConfiguration section */
		871550631BBF7AE000AA58B2 /* Debug */ = {
			isa = XCBuildConfiguration;
			buildSettings = {
				ALWAYS_SEARCH_USER_PATHS = NO;
				CLANG_CXX_LANGUAGE_STANDARD = "gnu++0x";
				CLANG_CXX_LIBRARY = "libc++";
				CLANG_ENABLE_MODULES = YES;
				CLANG_ENABLE_OBJC_ARC = YES;
				CLANG_WARN_BOOL_CONVERSION = YES;
				CLANG_WARN_CONSTANT_CONVERSION = YES;
				CLANG_WARN_DIRECT_OBJC_ISA_USAGE = YES_ERROR;
				CLANG_WARN_EMPTY_BODY = YES;
				CLANG_WARN_ENUM_CONVERSION = YES;
				CLANG_WARN_INT_CONVERSION = YES;
				CLANG_WARN_OBJC_ROOT_CLASS = YES_ERROR;
				CLANG_WARN_UNREACHABLE_CODE = YES;
				CLANG_WARN__DUPLICATE_METHOD_MATCH = YES;
				"CODE_SIGN_IDENTITY[sdk=iphoneos*]" = "iPhone Developer";
				COPY_PHASE_STRIP = NO;
				DEBUG_INFORMATION_FORMAT = dwarf;
				ENABLE_STRICT_OBJC_MSGSEND = YES;
				ENABLE_TESTABILITY = YES;
				GCC_C_LANGUAGE_STANDARD = gnu99;
				GCC_DYNAMIC_NO_PIC = NO;
				GCC_NO_COMMON_BLOCKS = YES;
				GCC_OPTIMIZATION_LEVEL = 0;
				GCC_PREPROCESSOR_DEFINITIONS = (
					"DEBUG=1",
					"$(inherited)",
				);
				GCC_WARN_64_TO_32_BIT_CONVERSION = YES;
				GCC_WARN_ABOUT_RETURN_TYPE = YES_ERROR;
				GCC_WARN_UNDECLARED_SELECTOR = YES;
				GCC_WARN_UNINITIALIZED_AUTOS = YES_AGGRESSIVE;
				GCC_WARN_UNUSED_FUNCTION = YES;
				GCC_WARN_UNUSED_VARIABLE = YES;
				IPHONEOS_DEPLOYMENT_TARGET = 9.0;
				MTL_ENABLE_DEBUG_INFO = YES;
				ONLY_ACTIVE_ARCH = YES;
				SDKROOT = iphoneos;
				SWIFT_OPTIMIZATION_LEVEL = "-Onone";
			};
			name = Debug;
		};
		871550641BBF7AE000AA58B2 /* Release */ = {
			isa = XCBuildConfiguration;
			buildSettings = {
				ALWAYS_SEARCH_USER_PATHS = NO;
				CLANG_CXX_LANGUAGE_STANDARD = "gnu++0x";
				CLANG_CXX_LIBRARY = "libc++";
				CLANG_ENABLE_MODULES = YES;
				CLANG_ENABLE_OBJC_ARC = YES;
				CLANG_WARN_BOOL_CONVERSION = YES;
				CLANG_WARN_CONSTANT_CONVERSION = YES;
				CLANG_WARN_DIRECT_OBJC_ISA_USAGE = YES_ERROR;
				CLANG_WARN_EMPTY_BODY = YES;
				CLANG_WARN_ENUM_CONVERSION = YES;
				CLANG_WARN_INT_CONVERSION = YES;
				CLANG_WARN_OBJC_ROOT_CLASS = YES_ERROR;
				CLANG_WARN_UNREACHABLE_CODE = YES;
				CLANG_WARN__DUPLICATE_METHOD_MATCH = YES;
				"CODE_SIGN_IDENTITY[sdk=iphoneos*]" = "iPhone Developer";
				COPY_PHASE_STRIP = NO;
				DEBUG_INFORMATION_FORMAT = "dwarf-with-dsym";
				ENABLE_NS_ASSERTIONS = NO;
				ENABLE_STRICT_OBJC_MSGSEND = YES;
				GCC_C_LANGUAGE_STANDARD = gnu99;
				GCC_NO_COMMON_BLOCKS = YES;
				GCC_WARN_64_TO_32_BIT_CONVERSION = YES;
				GCC_WARN_ABOUT_RETURN_TYPE = YES_ERROR;
				GCC_WARN_UNDECLARED_SELECTOR = YES;
				GCC_WARN_UNINITIALIZED_AUTOS = YES_AGGRESSIVE;
				GCC_WARN_UNUSED_FUNCTION = YES;
				GCC_WARN_UNUSED_VARIABLE = YES;
				IPHONEOS_DEPLOYMENT_TARGET = 9.0;
				MTL_ENABLE_DEBUG_INFO = NO;
				SDKROOT = iphoneos;
				VALIDATE_PRODUCT = YES;
			};
			name = Release;
		};
		871550661BBF7AE000AA58B2 /* Debug */ = {
			isa = XCBuildConfiguration;
			buildSettings = {
				ASSETCATALOG_COMPILER_APPICON_NAME = AppIcon;
				INFOPLIST_FILE = HelloMetal/Info.plist;
				LD_RUNPATH_SEARCH_PATHS = "$(inherited) @executable_path/Frameworks";
				PRODUCT_BUNDLE_IDENTIFIER = ncut.HelloMetal;
				PRODUCT_NAME = "$(TARGET_NAME)";
			};
			name = Debug;
		};
		871550671BBF7AE000AA58B2 /* Release */ = {
			isa = XCBuildConfiguration;
			buildSettings = {
				ASSETCATALOG_COMPILER_APPICON_NAME = AppIcon;
				INFOPLIST_FILE = HelloMetal/Info.plist;
				LD_RUNPATH_SEARCH_PATHS = "$(inherited) @executable_path/Frameworks";
				PRODUCT_BUNDLE_IDENTIFIER = ncut.HelloMetal;
				PRODUCT_NAME = "$(TARGET_NAME)";
			};
			name = Release;
		};
/* End XCBuildConfiguration section */

/* Begin XCConfigurationList section */
		8715504E1BBF7AE000AA58B2 /* Build configuration list for PBXProject "HelloMetal" */ = {
			isa = XCConfigurationList;
			buildConfigurations = (
				871550631BBF7AE000AA58B2 /* Debug */,
				871550641BBF7AE000AA58B2 /* Release */,
			);
			defaultConfigurationIsVisible = 0;
			defaultConfigurationName = Release;
		};
		871550651BBF7AE000AA58B2 /* Build configuration list for PBXNativeTarget "HelloMetal" */ = {
			isa = XCConfigurationList;
			buildConfigurations = (
				871550661BBF7AE000AA58B2 /* Debug */,
				871550671BBF7AE000AA58B2 /* Release */,
			);
			defaultConfigurationIsVisible = 0;
		};
/* End XCConfigurationList section */
	};
	rootObject = 8715504B1BBF7AE000AA58B2 /* Project object */;
}
